// !$*UTF8*$!
{
	archiveVersion = 1;
	classes = {
	};
	objectVersion = 50;
	objects = {

/* Begin PBXBuildFile section */
		0F06D45825B871A800A8DA68 /* Road.swift in Sources */ = {isa = PBXBuildFile; fileRef = 0F06D45725B871A800A8DA68 /* Road.swift */; };
		0F6D23A725C8FC8000176FAE /* Colors.xcassets in Resources */ = {isa = PBXBuildFile; fileRef = 0F6D23A625C8FC8000176FAE /* Colors.xcassets */; };
		0F6E43DD25C3712D001FC8AC /* Trees.swift in Sources */ = {isa = PBXBuildFile; fileRef = 0F6E43DC25C3712D001FC8AC /* Trees.swift */; };
		0F6E43E225C50BBC001FC8AC /* GameView.swift in Sources */ = {isa = PBXBuildFile; fileRef = 0F6E43E125C50BBC001FC8AC /* GameView.swift */; };
		0FBB8AB625B74DB700669CD1 /* pthApp.swift in Sources */ = {isa = PBXBuildFile; fileRef = 0FBB8AB525B74DB700669CD1 /* pthApp.swift */; };
		0FBB8AB825B74DB700669CD1 /* ContentView.swift in Sources */ = {isa = PBXBuildFile; fileRef = 0FBB8AB725B74DB700669CD1 /* ContentView.swift */; };
		0FBB8ABA25B74DB700669CD1 /* Assets.xcassets in Resources */ = {isa = PBXBuildFile; fileRef = 0FBB8AB925B74DB700669CD1 /* Assets.xcassets */; };
		0FBB8ABD25B74DB700669CD1 /* Preview Assets.xcassets in Resources */ = {isa = PBXBuildFile; fileRef = 0FBB8ABC25B74DB700669CD1 /* Preview Assets.xcassets */; };
		0FBB8AC825B74DB700669CD1 /* pthTests.swift in Sources */ = {isa = PBXBuildFile; fileRef = 0FBB8AC725B74DB700669CD1 /* pthTests.swift */; };
		0FBB8AD325B74DB700669CD1 /* pthUITests.swift in Sources */ = {isa = PBXBuildFile; fileRef = 0FBB8AD225B74DB700669CD1 /* pthUITests.swift */; };
/* End PBXBuildFile section */

/* Begin PBXContainerItemProxy section */
		0FBB8AC425B74DB700669CD1 /* PBXContainerItemProxy */ = {
			isa = PBXContainerItemProxy;
			containerPortal = 0FBB8AAA25B74DB700669CD1 /* Project object */;
			proxyType = 1;
			remoteGlobalIDString = 0FBB8AB125B74DB700669CD1;
			remoteInfo = pth;
		};
		0FBB8ACF25B74DB700669CD1 /* PBXContainerItemProxy */ = {
			isa = PBXContainerItemProxy;
			containerPortal = 0FBB8AAA25B74DB700669CD1 /* Project object */;
			proxyType = 1;
			remoteGlobalIDString = 0FBB8AB125B74DB700669CD1;
			remoteInfo = pth;
		};
/* End PBXContainerItemProxy section */

/* Begin PBXFileReference section */
		0F06D45725B871A800A8DA68 /* Road.swift */ = {isa = PBXFileReference; lastKnownFileType = sourcecode.swift; path = Road.swift; sourceTree = "<group>"; };
		0F6D23A625C8FC8000176FAE /* Colors.xcassets */ = {isa = PBXFileReference; lastKnownFileType = folder.assetcatalog; path = Colors.xcassets; sourceTree = "<group>"; };
		0F6E43DC25C3712D001FC8AC /* Trees.swift */ = {isa = PBXFileReference; lastKnownFileType = sourcecode.swift; path = Trees.swift; sourceTree = "<group>"; };
		0F6E43E125C50BBC001FC8AC /* GameView.swift */ = {isa = PBXFileReference; lastKnownFileType = sourcecode.swift; path = GameView.swift; sourceTree = "<group>"; };
		0FBB8AB225B74DB700669CD1 /* pth.app */ = {isa = PBXFileReference; explicitFileType = wrapper.application; includeInIndex = 0; path = pth.app; sourceTree = BUILT_PRODUCTS_DIR; };
		0FBB8AB525B74DB700669CD1 /* pthApp.swift */ = {isa = PBXFileReference; lastKnownFileType = sourcecode.swift; path = pthApp.swift; sourceTree = "<group>"; };
		0FBB8AB725B74DB700669CD1 /* ContentView.swift */ = {isa = PBXFileReference; lastKnownFileType = sourcecode.swift; path = ContentView.swift; sourceTree = "<group>"; };
		0FBB8AB925B74DB700669CD1 /* Assets.xcassets */ = {isa = PBXFileReference; lastKnownFileType = folder.assetcatalog; path = Assets.xcassets; sourceTree = "<group>"; };
		0FBB8ABC25B74DB700669CD1 /* Preview Assets.xcassets */ = {isa = PBXFileReference; lastKnownFileType = folder.assetcatalog; path = "Preview Assets.xcassets"; sourceTree = "<group>"; };
		0FBB8ABE25B74DB700669CD1 /* Info.plist */ = {isa = PBXFileReference; lastKnownFileType = text.plist.xml; path = Info.plist; sourceTree = "<group>"; };
		0FBB8AC325B74DB700669CD1 /* pthTests.xctest */ = {isa = PBXFileReference; explicitFileType = wrapper.cfbundle; includeInIndex = 0; path = pthTests.xctest; sourceTree = BUILT_PRODUCTS_DIR; };
		0FBB8AC725B74DB700669CD1 /* pthTests.swift */ = {isa = PBXFileReference; lastKnownFileType = sourcecode.swift; path = pthTests.swift; sourceTree = "<group>"; };
		0FBB8AC925B74DB700669CD1 /* Info.plist */ = {isa = PBXFileReference; lastKnownFileType = text.plist.xml; path = Info.plist; sourceTree = "<group>"; };
		0FBB8ACE25B74DB700669CD1 /* pthUITests.xctest */ = {isa = PBXFileReference; explicitFileType = wrapper.cfbundle; includeInIndex = 0; path = pthUITests.xctest; sourceTree = BUILT_PRODUCTS_DIR; };
		0FBB8AD225B74DB700669CD1 /* pthUITests.swift */ = {isa = PBXFileReference; lastKnownFileType = sourcecode.swift; path = pthUITests.swift; sourceTree = "<group>"; };
		0FBB8AD425B74DB700669CD1 /* Info.plist */ = {isa = PBXFileReference; lastKnownFileType = text.plist.xml; path = Info.plist; sourceTree = "<group>"; };
/* End PBXFileReference section */

/* Begin PBXFrameworksBuildPhase section */
		0FBB8AAF25B74DB700669CD1 /* Frameworks */ = {
			isa = PBXFrameworksBuildPhase;
			buildActionMask = 2147483647;
			files = (
			);
			runOnlyForDeploymentPostprocessing = 0;
		};
		0FBB8AC025B74DB700669CD1 /* Frameworks */ = {
			isa = PBXFrameworksBuildPhase;
			buildActionMask = 2147483647;
			files = (
			);
			runOnlyForDeploymentPostprocessing = 0;
		};
		0FBB8ACB25B74DB700669CD1 /* Frameworks */ = {
			isa = PBXFrameworksBuildPhase;
			buildActionMask = 2147483647;
			files = (
			);
			runOnlyForDeploymentPostprocessing = 0;
		};
/* End PBXFrameworksBuildPhase section */

/* Begin PBXGroup section */
		0FBB8AA925B74DB700669CD1 = {
			isa = PBXGroup;
			children = (
				0FBB8AB425B74DB700669CD1 /* pth */,
				0FBB8AC625B74DB700669CD1 /* pthTests */,
				0FBB8AD125B74DB700669CD1 /* pthUITests */,
				0FBB8AB325B74DB700669CD1 /* Products */,
			);
			sourceTree = "<group>";
		};
		0FBB8AB325B74DB700669CD1 /* Products */ = {
			isa = PBXGroup;
			children = (
				0FBB8AB225B74DB700669CD1 /* pth.app */,
				0FBB8AC325B74DB700669CD1 /* pthTests.xctest */,
				0FBB8ACE25B74DB700669CD1 /* pthUITests.xctest */,
			);
			name = Products;
			sourceTree = "<group>";
		};
		0FBB8AB425B74DB700669CD1 /* pth */ = {
			isa = PBXGroup;
			children = (
				0FBB8AB525B74DB700669CD1 /* pthApp.swift */,
				0FBB8AB725B74DB700669CD1 /* ContentView.swift */,
				0F06D45725B871A800A8DA68 /* Road.swift */,
				0F6E43E125C50BBC001FC8AC /* GameView.swift */,
				0F6E43DC25C3712D001FC8AC /* Trees.swift */,
				0FBB8AB925B74DB700669CD1 /* Assets.xcassets */,
				0F6D23A625C8FC8000176FAE /* Colors.xcassets */,
				0FBB8ABE25B74DB700669CD1 /* Info.plist */,
				0FBB8ABB25B74DB700669CD1 /* Preview Content */,
			);
			path = pth;
			sourceTree = "<group>";
		};
		0FBB8ABB25B74DB700669CD1 /* Preview Content */ = {
			isa = PBXGroup;
			children = (
				0FBB8ABC25B74DB700669CD1 /* Preview Assets.xcassets */,
			);
			path = "Preview Content";
			sourceTree = "<group>";
		};
		0FBB8AC625B74DB700669CD1 /* pthTests */ = {
			isa = PBXGroup;
			children = (
				0FBB8AC725B74DB700669CD1 /* pthTests.swift */,
				0FBB8AC925B74DB700669CD1 /* Info.plist */,
			);
			path = pthTests;
			sourceTree = "<group>";
		};
		0FBB8AD125B74DB700669CD1 /* pthUITests */ = {
			isa = PBXGroup;
			children = (
				0FBB8AD225B74DB700669CD1 /* pthUITests.swift */,
				0FBB8AD425B74DB700669CD1 /* Info.plist */,
			);
			path = pthUITests;
			sourceTree = "<group>";
		};
/* End PBXGroup section */

/* Begin PBXNativeTarget section */
		0FBB8AB125B74DB700669CD1 /* pth */ = {
			isa = PBXNativeTarget;
			buildConfigurationList = 0FBB8AD725B74DB700669CD1 /* Build configuration list for PBXNativeTarget "pth" */;
			buildPhases = (
				0FBB8AAE25B74DB700669CD1 /* Sources */,
				0FBB8AAF25B74DB700669CD1 /* Frameworks */,
				0FBB8AB025B74DB700669CD1 /* Resources */,
			);
			buildRules = (
			);
			dependencies = (
			);
			name = pth;
			productName = pth;
			productReference = 0FBB8AB225B74DB700669CD1 /* pth.app */;
			productType = "com.apple.product-type.application";
		};
		0FBB8AC225B74DB700669CD1 /* pthTests */ = {
			isa = PBXNativeTarget;
			buildConfigurationList = 0FBB8ADA25B74DB700669CD1 /* Build configuration list for PBXNativeTarget "pthTests" */;
			buildPhases = (
				0FBB8ABF25B74DB700669CD1 /* Sources */,
				0FBB8AC025B74DB700669CD1 /* Frameworks */,
				0FBB8AC125B74DB700669CD1 /* Resources */,
			);
			buildRules = (
			);
			dependencies = (
				0FBB8AC525B74DB700669CD1 /* PBXTargetDependency */,
			);
			name = pthTests;
			productName = pthTests;
			productReference = 0FBB8AC325B74DB700669CD1 /* pthTests.xctest */;
			productType = "com.apple.product-type.bundle.unit-test";
		};
		0FBB8ACD25B74DB700669CD1 /* pthUITests */ = {
			isa = PBXNativeTarget;
			buildConfigurationList = 0FBB8ADD25B74DB700669CD1 /* Build configuration list for PBXNativeTarget "pthUITests" */;
			buildPhases = (
				0FBB8ACA25B74DB700669CD1 /* Sources */,
				0FBB8ACB25B74DB700669CD1 /* Frameworks */,
				0FBB8ACC25B74DB700669CD1 /* Resources */,
			);
			buildRules = (
			);
			dependencies = (
				0FBB8AD025B74DB700669CD1 /* PBXTargetDependency */,
			);
			name = pthUITests;
			productName = pthUITests;
			productReference = 0FBB8ACE25B74DB700669CD1 /* pthUITests.xctest */;
			productType = "com.apple.product-type.bundle.ui-testing";
		};
/* End PBXNativeTarget section */

/* Begin PBXProject section */
		0FBB8AAA25B74DB700669CD1 /* Project object */ = {
			isa = PBXProject;
			attributes = {
				LastSwiftUpdateCheck = 1230;
				LastUpgradeCheck = 1230;
				TargetAttributes = {
					0FBB8AB125B74DB700669CD1 = {
						CreatedOnToolsVersion = 12.3;
					};
					0FBB8AC225B74DB700669CD1 = {
						CreatedOnToolsVersion = 12.3;
						TestTargetID = 0FBB8AB125B74DB700669CD1;
					};
					0FBB8ACD25B74DB700669CD1 = {
						CreatedOnToolsVersion = 12.3;
						TestTargetID = 0FBB8AB125B74DB700669CD1;
					};
				};
			};
			buildConfigurationList = 0FBB8AAD25B74DB700669CD1 /* Build configuration list for PBXProject "pth" */;
			compatibilityVersion = "Xcode 9.3";
			developmentRegion = en;
			hasScannedForEncodings = 0;
			knownRegions = (
				en,
				Base,
			);
			mainGroup = 0FBB8AA925B74DB700669CD1;
			productRefGroup = 0FBB8AB325B74DB700669CD1 /* Products */;
			projectDirPath = "";
			projectRoot = "";
			targets = (
				0FBB8AB125B74DB700669CD1 /* pth */,
				0FBB8AC225B74DB700669CD1 /* pthTests */,
				0FBB8ACD25B74DB700669CD1 /* pthUITests */,
			);
		};
/* End PBXProject section */

/* Begin PBXResourcesBuildPhase section */
		0FBB8AB025B74DB700669CD1 /* Resources */ = {
			isa = PBXResourcesBuildPhase;
			buildActionMask = 2147483647;
			files = (
				0F6D23A725C8FC8000176FAE /* Colors.xcassets in Resources */,
				0FBB8ABD25B74DB700669CD1 /* Preview Assets.xcassets in Resources */,
				0FBB8ABA25B74DB700669CD1 /* Assets.xcassets in Resources */,
			);
			runOnlyForDeploymentPostprocessing = 0;
		};
		0FBB8AC125B74DB700669CD1 /* Resources */ = {
			isa = PBXResourcesBuildPhase;
			buildActionMask = 2147483647;
			files = (
			);
			runOnlyForDeploymentPostprocessing = 0;
		};
		0FBB8ACC25B74DB700669CD1 /* Resources */ = {
			isa = PBXResourcesBuildPhase;
			buildActionMask = 2147483647;
			files = (
			);
			runOnlyForDeploymentPostprocessing = 0;
		};
/* End PBXResourcesBuildPhase section */

/* Begin PBXSourcesBuildPhase section */
		0FBB8AAE25B74DB700669CD1 /* Sources */ = {
			isa = PBXSourcesBuildPhase;
			buildActionMask = 2147483647;
			files = (
				0FBB8AB825B74DB700669CD1 /* ContentView.swift in Sources */,
				0FBB8AB625B74DB700669CD1 /* pthApp.swift in Sources */,
				0F6E43DD25C3712D001FC8AC /* Trees.swift in Sources */,
				0F6E43E225C50BBC001FC8AC /* GameView.swift in Sources */,
				0F06D45825B871A800A8DA68 /* Road.swift in Sources */,
			);
			runOnlyForDeploymentPostprocessing = 0;
		};
		0FBB8ABF25B74DB700669CD1 /* Sources */ = {
			isa = PBXSourcesBuildPhase;
			buildActionMask = 2147483647;
			files = (
				0FBB8AC825B74DB700669CD1 /* pthTests.swift in Sources */,
			);
			runOnlyForDeploymentPostprocessing = 0;
		};
		0FBB8ACA25B74DB700669CD1 /* Sources */ = {
			isa = PBXSourcesBuildPhase;
			buildActionMask = 2147483647;
			files = (
				0FBB8AD325B74DB700669CD1 /* pthUITests.swift in Sources */,
			);
			runOnlyForDeploymentPostprocessing = 0;
		};
/* End PBXSourcesBuildPhase section */

/* Begin PBXTargetDependency section */
		0FBB8AC525B74DB700669CD1 /* PBXTargetDependency */ = {
			isa = PBXTargetDependency;
			target = 0FBB8AB125B74DB700669CD1 /* pth */;
			targetProxy = 0FBB8AC425B74DB700669CD1 /* PBXContainerItemProxy */;
		};
		0FBB8AD025B74DB700669CD1 /* PBXTargetDependency */ = {
			isa = PBXTargetDependency;
			target = 0FBB8AB125B74DB700669CD1 /* pth */;
			targetProxy = 0FBB8ACF25B74DB700669CD1 /* PBXContainerItemProxy */;
		};
/* End PBXTargetDependency section */

/* Begin XCBuildConfiguration section */
		0FBB8AD525B74DB700669CD1 /* Debug */ = {
			isa = XCBuildConfiguration;
			buildSettings = {
				ALWAYS_SEARCH_USER_PATHS = NO;
				CLANG_ANALYZER_NONNULL = YES;
				CLANG_ANALYZER_NUMBER_OBJECT_CONVERSION = YES_AGGRESSIVE;
				CLANG_CXX_LANGUAGE_STANDARD = "gnu++14";
				CLANG_CXX_LIBRARY = "libc++";
				CLANG_ENABLE_MODULES = YES;
				CLANG_ENABLE_OBJC_ARC = YES;
				CLANG_ENABLE_OBJC_WEAK = YES;
				CLANG_WARN_BLOCK_CAPTURE_AUTORELEASING = YES;
				CLANG_WARN_BOOL_CONVERSION = YES;
				CLANG_WARN_COMMA = YES;
				CLANG_WARN_CONSTANT_CONVERSION = YES;
				CLANG_WARN_DEPRECATED_OBJC_IMPLEMENTATIONS = YES;
				CLANG_WARN_DIRECT_OBJC_ISA_USAGE = YES_ERROR;
				CLANG_WARN_DOCUMENTATION_COMMENTS = YES;
				CLANG_WARN_EMPTY_BODY = YES;
				CLANG_WARN_ENUM_CONVERSION = YES;
				CLANG_WARN_INFINITE_RECURSION = YES;
				CLANG_WARN_INT_CONVERSION = YES;
				CLANG_WARN_NON_LITERAL_NULL_CONVERSION = YES;
				CLANG_WARN_OBJC_IMPLICIT_RETAIN_SELF = YES;
				CLANG_WARN_OBJC_LITERAL_CONVERSION = YES;
				CLANG_WARN_OBJC_ROOT_CLASS = YES_ERROR;
				CLANG_WARN_QUOTED_INCLUDE_IN_FRAMEWORK_HEADER = YES;
				CLANG_WARN_RANGE_LOOP_ANALYSIS = YES;
				CLANG_WARN_STRICT_PROTOTYPES = YES;
				CLANG_WARN_SUSPICIOUS_MOVE = YES;
				CLANG_WARN_UNGUARDED_AVAILABILITY = YES_AGGRESSIVE;
				CLANG_WARN_UNREACHABLE_CODE = YES;
				CLANG_WARN__DUPLICATE_METHOD_MATCH = YES;
				COPY_PHASE_STRIP = NO;
				DEBUG_INFORMATION_FORMAT = dwarf;
				ENABLE_STRICT_OBJC_MSGSEND = YES;
				ENABLE_TESTABILITY = YES;
				GCC_C_LANGUAGE_STANDARD = gnu11;
				GCC_DYNAMIC_NO_PIC = NO;
				GCC_NO_COMMON_BLOCKS = YES;
				GCC_OPTIMIZATION_LEVEL = 0;
				GCC_PREPROCESSOR_DEFINITIONS = (
					"DEBUG=1",
					"$(inherited)",
				);
				GCC_WARN_64_TO_32_BIT_CONVERSION = YES;
				GCC_WARN_ABOUT_RETURN_TYPE = YES_ERROR;
				GCC_WARN_UNDECLARED_SELECTOR = YES;
				GCC_WARN_UNINITIALIZED_AUTOS = YES_AGGRESSIVE;
				GCC_WARN_UNUSED_FUNCTION = YES;
				GCC_WARN_UNUSED_VARIABLE = YES;
				IPHONEOS_DEPLOYMENT_TARGET = 14.3;
				MTL_ENABLE_DEBUG_INFO = INCLUDE_SOURCE;
				MTL_FAST_MATH = YES;
				ONLY_ACTIVE_ARCH = YES;
				SDKROOT = iphoneos;
				SWIFT_ACTIVE_COMPILATION_CONDITIONS = DEBUG;
				SWIFT_OPTIMIZATION_LEVEL = "-Onone";
			};
			name = Debug;
		};
		0FBB8AD625B74DB700669CD1 /* Release */ = {
			isa = XCBuildConfiguration;
			buildSettings = {
				ALWAYS_SEARCH_USER_PATHS = NO;
				CLANG_ANALYZER_NONNULL = YES;
				CLANG_ANALYZER_NUMBER_OBJECT_CONVERSION = YES_AGGRESSIVE;
				CLANG_CXX_LANGUAGE_STANDARD = "gnu++14";
				CLANG_CXX_LIBRARY = "libc++";
				CLANG_ENABLE_MODULES = YES;
				CLANG_ENABLE_OBJC_ARC = YES;
				CLANG_ENABLE_OBJC_WEAK = YES;
				CLANG_WARN_BLOCK_CAPTURE_AUTORELEASING = YES;
				CLANG_WARN_BOOL_CONVERSION = YES;
				CLANG_WARN_COMMA = YES;
				CLANG_WARN_CONSTANT_CONVERSION = YES;
				CLANG_WARN_DEPRECATED_OBJC_IMPLEMENTATIONS = YES;
				CLANG_WARN_DIRECT_OBJC_ISA_USAGE = YES_ERROR;
				CLANG_WARN_DOCUMENTATION_COMMENTS = YES;
				CLANG_WARN_EMPTY_BODY = YES;
				CLANG_WARN_ENUM_CONVERSION = YES;
				CLANG_WARN_INFINITE_RECURSION = YES;
				CLANG_WARN_INT_CONVERSION = YES;
				CLANG_WARN_NON_LITERAL_NULL_CONVERSION = YES;
				CLANG_WARN_OBJC_IMPLICIT_RETAIN_SELF = YES;
				CLANG_WARN_OBJC_LITERAL_CONVERSION = YES;
				CLANG_WARN_OBJC_ROOT_CLASS = YES_ERROR;
				CLANG_WARN_QUOTED_INCLUDE_IN_FRAMEWORK_HEADER = YES;
				CLANG_WARN_RANGE_LOOP_ANALYSIS = YES;
				CLANG_WARN_STRICT_PROTOTYPES = YES;
				CLANG_WARN_SUSPICIOUS_MOVE = YES;
				CLANG_WARN_UNGUARDED_AVAILABILITY = YES_AGGRESSIVE;
				CLANG_WARN_UNREACHABLE_CODE = YES;
				CLANG_WARN__DUPLICATE_METHOD_MATCH = YES;
				COPY_PHASE_STRIP = NO;
				DEBUG_INFORMATION_FORMAT = "dwarf-with-dsym";
				ENABLE_NS_ASSERTIONS = NO;
				ENABLE_STRICT_OBJC_MSGSEND = YES;
				GCC_C_LANGUAGE_STANDARD = gnu11;
				GCC_NO_COMMON_BLOCKS = YES;
				GCC_WARN_64_TO_32_BIT_CONVERSION = YES;
				GCC_WARN_ABOUT_RETURN_TYPE = YES_ERROR;
				GCC_WARN_UNDECLARED_SELECTOR = YES;
				GCC_WARN_UNINITIALIZED_AUTOS = YES_AGGRESSIVE;
				GCC_WARN_UNUSED_FUNCTION = YES;
				GCC_WARN_UNUSED_VARIABLE = YES;
				IPHONEOS_DEPLOYMENT_TARGET = 14.3;
				MTL_ENABLE_DEBUG_INFO = NO;
				MTL_FAST_MATH = YES;
				SDKROOT = iphoneos;
				SWIFT_COMPILATION_MODE = wholemodule;
				SWIFT_OPTIMIZATION_LEVEL = "-O";
				VALIDATE_PRODUCT = YES;
			};
			name = Release;
		};
		0FBB8AD825B74DB700669CD1 /* Debug */ = {
			isa = XCBuildConfiguration;
			buildSettings = {
				ASSETCATALOG_COMPILER_APPICON_NAME = AppIcon;
				ASSETCATALOG_COMPILER_GLOBAL_ACCENT_COLOR_NAME = AccentColor;
				CODE_SIGN_STYLE = Automatic;
				DEVELOPMENT_ASSET_PATHS = "\"pth/Preview Content\"";
				DEVELOPMENT_TEAM = 5ZPP5N2WDV;
				ENABLE_PREVIEWS = YES;
				INFOPLIST_FILE = pth/Info.plist;
				IPHONEOS_DEPLOYMENT_TARGET = 14.0;
				LD_RUNPATH_SEARCH_PATHS = (
					"$(inherited)",
					"@executable_path/Frameworks",
				);
				PRODUCT_BUNDLE_IDENTIFIER = gibsonCodes.pth;
				PRODUCT_NAME = "$(TARGET_NAME)";
				SWIFT_VERSION = 5.0;
				TARGETED_DEVICE_FAMILY = "1,2";
			};
			name = Debug;
		};
		0FBB8AD925B74DB700669CD1 /* Release */ = {
			isa = XCBuildConfiguration;
			buildSettings = {
				ASSETCATALOG_COMPILER_APPICON_NAME = AppIcon;
				ASSETCATALOG_COMPILER_GLOBAL_ACCENT_COLOR_NAME = AccentColor;
				CODE_SIGN_STYLE = Automatic;
				DEVELOPMENT_ASSET_PATHS = "\"pth/Preview Content\"";
				DEVELOPMENT_TEAM = 5ZPP5N2WDV;
				ENABLE_PREVIEWS = YES;
				INFOPLIST_FILE = pth/Info.plist;
				IPHONEOS_DEPLOYMENT_TARGET = 14.0;
				LD_RUNPATH_SEARCH_PATHS = (
					"$(inherited)",
					"@executable_path/Frameworks",
				);
				PRODUCT_BUNDLE_IDENTIFIER = gibsonCodes.pth;
				PRODUCT_NAME = "$(TARGET_NAME)";
				SWIFT_VERSION = 5.0;
				TARGETED_DEVICE_FAMILY = "1,2";
			};
			name = Release;
		};
		0FBB8ADB25B74DB700669CD1 /* Debug */ = {
			isa = XCBuildConfiguration;
			buildSettings = {
				ALWAYS_EMBED_SWIFT_STANDARD_LIBRARIES = YES;
				BUNDLE_LOADER = "$(TEST_HOST)";
				CODE_SIGN_STYLE = Automatic;
				DEVELOPMENT_TEAM = 5ZPP5N2WDV;
				INFOPLIST_FILE = pthTests/Info.plist;
				IPHONEOS_DEPLOYMENT_TARGET = 14.0;
				LD_RUNPATH_SEARCH_PATHS = (
					"$(inherited)",
					"@executable_path/Frameworks",
					"@loader_path/Frameworks",
				);
				PRODUCT_BUNDLE_IDENTIFIER = gibsonCodes.pthTests;
				PRODUCT_NAME = "$(TARGET_NAME)";
				SWIFT_VERSION = 5.0;
				TARGETED_DEVICE_FAMILY = "1,2";
				TEST_HOST = "$(BUILT_PRODUCTS_DIR)/pth.app/pth";
			};
			name = Debug;
		};
		0FBB8ADC25B74DB700669CD1 /* Release */ = {
			isa = XCBuildConfiguration;
			buildSettings = {
				ALWAYS_EMBED_SWIFT_STANDARD_LIBRARIES = YES;
				BUNDLE_LOADER = "$(TEST_HOST)";
				CODE_SIGN_STYLE = Automatic;
				DEVELOPMENT_TEAM = 5ZPP5N2WDV;
				INFOPLIST_FILE = pthTests/Info.plist;
				IPHONEOS_DEPLOYMENT_TARGET = 14.0;
				LD_RUNPATH_SEARCH_PATHS = (
					"$(inherited)",
					"@executable_path/Frameworks",
					"@loader_path/Frameworks",
				);
				PRODUCT_BUNDLE_IDENTIFIER = gibsonCodes.pthTests;
				PRODUCT_NAME = "$(TARGET_NAME)";
				SWIFT_VERSION = 5.0;
				TARGETED_DEVICE_FAMILY = "1,2";
				TEST_HOST = "$(BUILT_PRODUCTS_DIR)/pth.app/pth";
			};
			name = Release;
		};
		0FBB8ADE25B74DB700669CD1 /* Debug */ = {
			isa = XCBuildConfiguration;
			buildSettings = {
				ALWAYS_EMBED_SWIFT_STANDARD_LIBRARIES = YES;
				CODE_SIGN_STYLE = Automatic;
				DEVELOPMENT_TEAM = 5ZPP5N2WDV;
				INFOPLIST_FILE = pthUITests/Info.plist;
				LD_RUNPATH_SEARCH_PATHS = (
					"$(inherited)",
					"@executable_path/Frameworks",
					"@loader_path/Frameworks",
				);
				PRODUCT_BUNDLE_IDENTIFIER = gibsonCodes.pthUITests;
				PRODUCT_NAME = "$(TARGET_NAME)";
				SWIFT_VERSION = 5.0;
				TARGETED_DEVICE_FAMILY = "1,2";
				TEST_TARGET_NAME = pth;
			};
			name = Debug;
		};
		0FBB8ADF25B74DB700669CD1 /* Release */ = {
			isa = XCBuildConfiguration;
			buildSettings = {
				ALWAYS_EMBED_SWIFT_STANDARD_LIBRARIES = YES;
				CODE_SIGN_STYLE = Automatic;
				DEVELOPMENT_TEAM = 5ZPP5N2WDV;
				INFOPLIST_FILE = pthUITests/Info.plist;
				LD_RUNPATH_SEARCH_PATHS = (
					"$(inherited)",
					"@executable_path/Frameworks",
					"@loader_path/Frameworks",
				);
				PRODUCT_BUNDLE_IDENTIFIER = gibsonCodes.pthUITests;
				PRODUCT_NAME = "$(TARGET_NAME)";
				SWIFT_VERSION = 5.0;
				TARGETED_DEVICE_FAMILY = "1,2";
				TEST_TARGET_NAME = pth;
			};
			name = Release;
		};
/* End XCBuildConfiguration section */

/* Begin XCConfigurationList section */
		0FBB8AAD25B74DB700669CD1 /* Build configuration list for PBXProject "pth" */ = {
			isa = XCConfigurationList;
			buildConfigurations = (
				0FBB8AD525B74DB700669CD1 /* Debug */,
				0FBB8AD625B74DB700669CD1 /* Release */,
			);
			defaultConfigurationIsVisible = 0;
			defaultConfigurationName = Release;
		};
		0FBB8AD725B74DB700669CD1 /* Build configuration list for PBXNativeTarget "pth" */ = {
			isa = XCConfigurationList;
			buildConfigurations = (
				0FBB8AD825B74DB700669CD1 /* Debug */,
				0FBB8AD925B74DB700669CD1 /* Release */,
			);
			defaultConfigurationIsVisible = 0;
			defaultConfigurationName = Release;
		};
		0FBB8ADA25B74DB700669CD1 /* Build configuration list for PBXNativeTarget "pthTests" */ = {
			isa = XCConfigurationList;
			buildConfigurations = (
				0FBB8ADB25B74DB700669CD1 /* Debug */,
				0FBB8ADC25B74DB700669CD1 /* Release */,
			);
			defaultConfigurationIsVisible = 0;
			defaultConfigurationName = Release;
		};
		0FBB8ADD25B74DB700669CD1 /* Build configuration list for PBXNativeTarget "pthUITests" */ = {
			isa = XCConfigurationList;
			buildConfigurations = (
				0FBB8ADE25B74DB700669CD1 /* Debug */,
				0FBB8ADF25B74DB700669CD1 /* Release */,
			);
			defaultConfigurationIsVisible = 0;
			defaultConfigurationName = Release;
		};
/* End XCConfigurationList section */
	};
	rootObject = 0FBB8AAA25B74DB700669CD1 /* Project object */;
}
